// !$*UTF8*$!
{
	archiveVersion = 1;
	classes = {
	};
	objectVersion = 46;
	objects = {

/* Begin PBXBuildFile section */
		0020753C1C0813DE00FD9D80 /* LoadingCell.xib in Resources */ = {isa = PBXBuildFile; fileRef = 0020753B1C0813DE00FD9D80 /* LoadingCell.xib */; settings = {ASSET_TAGS = (); }; };
		0020753E1C08142D00FD9D80 /* LoadingCell.swift in Sources */ = {isa = PBXBuildFile; fileRef = 0020753D1C08142D00FD9D80 /* LoadingCell.swift */; settings = {ASSET_TAGS = (); }; };
		00490CDE1C06335E00960994 /* AppDelegate.swift in Sources */ = {isa = PBXBuildFile; fileRef = 00490CDD1C06335E00960994 /* AppDelegate.swift */; };
		00490CE01C06335E00960994 /* SearchViewController.swift in Sources */ = {isa = PBXBuildFile; fileRef = 00490CDF1C06335E00960994 /* SearchViewController.swift */; };
		00490CE31C06335E00960994 /* Main.storyboard in Resources */ = {isa = PBXBuildFile; fileRef = 00490CE11C06335E00960994 /* Main.storyboard */; };
		00490CE61C06335E00960994 /* StoreSearch.xcdatamodeld in Sources */ = {isa = PBXBuildFile; fileRef = 00490CE41C06335E00960994 /* StoreSearch.xcdatamodeld */; };
		00490CE81C06335E00960994 /* Assets.xcassets in Resources */ = {isa = PBXBuildFile; fileRef = 00490CE71C06335E00960994 /* Assets.xcassets */; };
		00490CEB1C06335E00960994 /* LaunchScreen.storyboard in Resources */ = {isa = PBXBuildFile; fileRef = 00490CE91C06335E00960994 /* LaunchScreen.storyboard */; };
		00490CF31C07854B00960994 /* SearchResult.swift in Sources */ = {isa = PBXBuildFile; fileRef = 00490CF21C07854B00960994 /* SearchResult.swift */; settings = {ASSET_TAGS = (); }; };
		00490CF51C078CE700960994 /* SearchResultCell.xib in Resources */ = {isa = PBXBuildFile; fileRef = 00490CF41C078CE700960994 /* SearchResultCell.xib */; settings = {ASSET_TAGS = (); }; };
		00490CF71C0790CF00960994 /* SearchResultCell.swift in Sources */ = {isa = PBXBuildFile; fileRef = 00490CF61C0790CF00960994 /* SearchResultCell.swift */; settings = {ASSET_TAGS = (); }; };
		00490CF91C0792E400960994 /* NothingFoundCell.xib in Resources */ = {isa = PBXBuildFile; fileRef = 00490CF81C0792E400960994 /* NothingFoundCell.xib */; settings = {ASSET_TAGS = (); }; };
/* End PBXBuildFile section */

/* Begin PBXFileReference section */
		0020753B1C0813DE00FD9D80 /* LoadingCell.xib */ = {isa = PBXFileReference; fileEncoding = 4; lastKnownFileType = file.xib; path = LoadingCell.xib; sourceTree = "<group>"; };
		0020753D1C08142D00FD9D80 /* LoadingCell.swift */ = {isa = PBXFileReference; fileEncoding = 4; lastKnownFileType = sourcecode.swift; path = LoadingCell.swift; sourceTree = "<group>"; };
		00490CDA1C06335E00960994 /* StoreSearch.app */ = {isa = PBXFileReference; explicitFileType = wrapper.application; includeInIndex = 0; path = StoreSearch.app; sourceTree = BUILT_PRODUCTS_DIR; };
		00490CDD1C06335E00960994 /* AppDelegate.swift */ = {isa = PBXFileReference; lastKnownFileType = sourcecode.swift; path = AppDelegate.swift; sourceTree = "<group>"; };
		00490CDF1C06335E00960994 /* SearchViewController.swift */ = {isa = PBXFileReference; lastKnownFileType = sourcecode.swift; path = SearchViewController.swift; sourceTree = "<group>"; };
		00490CE21C06335E00960994 /* Base */ = {isa = PBXFileReference; lastKnownFileType = file.storyboard; name = Base; path = Base.lproj/Main.storyboard; sourceTree = "<group>"; };
		00490CE51C06335E00960994 /* StoreSearch.xcdatamodel */ = {isa = PBXFileReference; lastKnownFileType = wrapper.xcdatamodel; path = StoreSearch.xcdatamodel; sourceTree = "<group>"; };
		00490CE71C06335E00960994 /* Assets.xcassets */ = {isa = PBXFileReference; lastKnownFileType = folder.assetcatalog; path = Assets.xcassets; sourceTree = "<group>"; };
		00490CEA1C06335E00960994 /* Base */ = {isa = PBXFileReference; lastKnownFileType = file.storyboard; name = Base; path = Base.lproj/LaunchScreen.storyboard; sourceTree = "<group>"; };
		00490CEC1C06335E00960994 /* Info.plist */ = {isa = PBXFileReference; lastKnownFileType = text.plist.xml; path = Info.plist; sourceTree = "<group>"; };
		00490CF21C07854B00960994 /* SearchResult.swift */ = {isa = PBXFileReference; fileEncoding = 4; lastKnownFileType = sourcecode.swift; path = SearchResult.swift; sourceTree = "<group>"; };
		00490CF41C078CE700960994 /* SearchResultCell.xib */ = {isa = PBXFileReference; fileEncoding = 4; lastKnownFileType = file.xib; path = SearchResultCell.xib; sourceTree = "<group>"; };
		00490CF61C0790CF00960994 /* SearchResultCell.swift */ = {isa = PBXFileReference; fileEncoding = 4; lastKnownFileType = sourcecode.swift; path = SearchResultCell.swift; sourceTree = "<group>"; };
		00490CF81C0792E400960994 /* NothingFoundCell.xib */ = {isa = PBXFileReference; fileEncoding = 4; lastKnownFileType = file.xib; path = NothingFoundCell.xib; sourceTree = "<group>"; };
/* End PBXFileReference section */

/* Begin PBXFrameworksBuildPhase section */
		00490CD71C06335E00960994 /* Frameworks */ = {
			isa = PBXFrameworksBuildPhase;
			buildActionMask = 2147483647;
			files = (
			);
			runOnlyForDeploymentPostprocessing = 0;
		};
/* End PBXFrameworksBuildPhase section */

/* Begin PBXGroup section */
		00490CD11C06335E00960994 = {
			isa = PBXGroup;
			children = (
				00490CDC1C06335E00960994 /* StoreSearch */,
				00490CDB1C06335E00960994 /* Products */,
			);
			sourceTree = "<group>";
		};
		00490CDB1C06335E00960994 /* Products */ = {
			isa = PBXGroup;
			children = (
				00490CDA1C06335E00960994 /* StoreSearch.app */,
			);
			name = Products;
			sourceTree = "<group>";
		};
		00490CDC1C06335E00960994 /* StoreSearch */ = {
			isa = PBXGroup;
			children = (
				00490CEC1C06335E00960994 /* Info.plist */,
				00490CDD1C06335E00960994 /* AppDelegate.swift */,
				0020753D1C08142D00FD9D80 /* LoadingCell.swift */,
				00490CF21C07854B00960994 /* SearchResult.swift */,
				00490CF61C0790CF00960994 /* SearchResultCell.swift */,
				00490CDF1C06335E00960994 /* SearchViewController.swift */,
				00490CE71C06335E00960994 /* Assets.xcassets */,
				0020753B1C0813DE00FD9D80 /* LoadingCell.xib */,
				00490CF81C0792E400960994 /* NothingFoundCell.xib */,
				00490CF41C078CE700960994 /* SearchResultCell.xib */,
				00490CE91C06335E00960994 /* LaunchScreen.storyboard */,
				00490CE11C06335E00960994 /* Main.storyboard */,
				00490CE41C06335E00960994 /* StoreSearch.xcdatamodeld */,
			);
			path = StoreSearch;
			sourceTree = "<group>";
		};
/* End PBXGroup section */

/* Begin PBXNativeTarget section */
		00490CD91C06335E00960994 /* StoreSearch */ = {
			isa = PBXNativeTarget;
			buildConfigurationList = 00490CEF1C06335E00960994 /* Build configuration list for PBXNativeTarget "StoreSearch" */;
			buildPhases = (
				00490CD61C06335E00960994 /* Sources */,
				00490CD71C06335E00960994 /* Frameworks */,
				00490CD81C06335E00960994 /* Resources */,
			);
			buildRules = (
			);
			dependencies = (
			);
			name = StoreSearch;
			productName = StoreSearch;
			productReference = 00490CDA1C06335E00960994 /* StoreSearch.app */;
			productType = "com.apple.product-type.application";
		};
/* End PBXNativeTarget section */

/* Begin PBXProject section */
		00490CD21C06335E00960994 /* Project object */ = {
			isa = PBXProject;
			attributes = {
				LastUpgradeCheck = 0700;
				ORGANIZATIONNAME = "Bill Yu";
				TargetAttributes = {
					00490CD91C06335E00960994 = {
						CreatedOnToolsVersion = 7.0.1;
						DevelopmentTeam = 3966BMHW6X;
					};
				};
			};
			buildConfigurationList = 00490CD51C06335E00960994 /* Build configuration list for PBXProject "StoreSearch" */;
			compatibilityVersion = "Xcode 3.2";
			developmentRegion = English;
			hasScannedForEncodings = 0;
			knownRegions = (
				en,
				Base,
			);
			mainGroup = 00490CD11C06335E00960994;
			productRefGroup = 00490CDB1C06335E00960994 /* Products */;
			projectDirPath = "";
			projectRoot = "";
			targets = (
				00490CD91C06335E00960994 /* StoreSearch */,
			);
		};
/* End PBXProject section */

/* Begin PBXResourcesBuildPhase section */
		00490CD81C06335E00960994 /* Resources */ = {
			isa = PBXResourcesBuildPhase;
			buildActionMask = 2147483647;
			files = (
				00490CEB1C06335E00960994 /* LaunchScreen.storyboard in Resources */,
				00490CE81C06335E00960994 /* Assets.xcassets in Resources */,
				0020753C1C0813DE00FD9D80 /* LoadingCell.xib in Resources */,
				00490CF51C078CE700960994 /* SearchResultCell.xib in Resources */,
				00490CF91C0792E400960994 /* NothingFoundCell.xib in Resources */,
				00490CE31C06335E00960994 /* Main.storyboard in Resources */,
			);
			runOnlyForDeploymentPostprocessing = 0;
		};
/* End PBXResourcesBuildPhase section */

/* Begin PBXSourcesBuildPhase section */
		00490CD61C06335E00960994 /* Sources */ = {
			isa = PBXSourcesBuildPhase;
			buildActionMask = 2147483647;
			files = (
				0020753E1C08142D00FD9D80 /* LoadingCell.swift in Sources */,
				00490CE01C06335E00960994 /* SearchViewController.swift in Sources */,
				00490CDE1C06335E00960994 /* AppDelegate.swift in Sources */,
				00490CF31C07854B00960994 /* SearchResult.swift in Sources */,
				00490CE61C06335E00960994 /* StoreSearch.xcdatamodeld in Sources */,
				00490CF71C0790CF00960994 /* SearchResultCell.swift in Sources */,
			);
			runOnlyForDeploymentPostprocessing = 0;
		};
/* End PBXSourcesBuildPhase section */

/* Begin PBXVariantGroup section */
		00490CE11C06335E00960994 /* Main.storyboard */ = {
			isa = PBXVariantGroup;
			children = (
				00490CE21C06335E00960994 /* Base */,
			);
			name = Main.storyboard;
			sourceTree = "<group>";
		};
		00490CE91C06335E00960994 /* LaunchScreen.storyboard */ = {
			isa = PBXVariantGroup;
			children = (
				00490CEA1C06335E00960994 /* Base */,
			);
			name = LaunchScreen.storyboard;
			sourceTree = "<group>";
		};
/* End PBXVariantGroup section */

/* Begin XCBuildConfiguration section */
		00490CED1C06335E00960994 /* Debug */ = {
			isa = XCBuildConfiguration;
			buildSettings = {
				ALWAYS_SEARCH_USER_PATHS = NO;
				CLANG_CXX_LANGUAGE_STANDARD = "gnu++0x";
				CLANG_CXX_LIBRARY = "libc++";
				CLANG_ENABLE_MODULES = YES;
				CLANG_ENABLE_OBJC_ARC = YES;
				CLANG_WARN_BOOL_CONVERSION = YES;
				CLANG_WARN_CONSTANT_CONVERSION = YES;
				CLANG_WARN_DIRECT_OBJC_ISA_USAGE = YES_ERROR;
				CLANG_WARN_EMPTY_BODY = YES;
				CLANG_WARN_ENUM_CONVERSION = YES;
				CLANG_WARN_INT_CONVERSION = YES;
				CLANG_WARN_OBJC_ROOT_CLASS = YES_ERROR;
				CLANG_WARN_UNREACHABLE_CODE = YES;
				CLANG_WARN__DUPLICATE_METHOD_MATCH = YES;
				"CODE_SIGN_IDENTITY[sdk=iphoneos*]" = "iPhone Developer";
				COPY_PHASE_STRIP = NO;
				DEBUG_INFORMATION_FORMAT = dwarf;
				ENABLE_STRICT_OBJC_MSGSEND = YES;
				ENABLE_TESTABILITY = YES;
				GCC_C_LANGUAGE_STANDARD = gnu99;
				GCC_DYNAMIC_NO_PIC = NO;
				GCC_NO_COMMON_BLOCKS = YES;
				GCC_OPTIMIZATION_LEVEL = 0;
				GCC_PREPROCESSOR_DEFINITIONS = (
					"DEBUG=1",
					"$(inherited)",
				);
				GCC_WARN_64_TO_32_BIT_CONVERSION = YES;
				GCC_WARN_ABOUT_RETURN_TYPE = YES_ERROR;
				GCC_WARN_UNDECLARED_SELECTOR = YES;
				GCC_WARN_UNINITIALIZED_AUTOS = YES_AGGRESSIVE;
				GCC_WARN_UNUSED_FUNCTION = YES;
				GCC_WARN_UNUSED_VARIABLE = YES;
				IPHONEOS_DEPLOYMENT_TARGET = 9.0;
				MTL_ENABLE_DEBUG_INFO = YES;
				ONLY_ACTIVE_ARCH = YES;
				SDKROOT = iphoneos;
				SWIFT_OPTIMIZATION_LEVEL = "-Onone";
			};
			name = Debug;
		};
		00490CEE1C06335E00960994 /* Release */ = {
			isa = XCBuildConfiguration;
			buildSettings = {
				ALWAYS_SEARCH_USER_PATHS = NO;
				CLANG_CXX_LANGUAGE_STANDARD = "gnu++0x";
				CLANG_CXX_LIBRARY = "libc++";
				CLANG_ENABLE_MODULES = YES;
				CLANG_ENABLE_OBJC_ARC = YES;
				CLANG_WARN_BOOL_CONVERSION = YES;
				CLANG_WARN_CONSTANT_CONVERSION = YES;
				CLANG_WARN_DIRECT_OBJC_ISA_USAGE = YES_ERROR;
				CLANG_WARN_EMPTY_BODY = YES;
				CLANG_WARN_ENUM_CONVERSION = YES;
				CLANG_WARN_INT_CONVERSION = YES;
				CLANG_WARN_OBJC_ROOT_CLASS = YES_ERROR;
				CLANG_WARN_UNREACHABLE_CODE = YES;
				CLANG_WARN__DUPLICATE_METHOD_MATCH = YES;
				"CODE_SIGN_IDENTITY[sdk=iphoneos*]" = "iPhone Developer";
				COPY_PHASE_STRIP = NO;
				DEBUG_INFORMATION_FORMAT = "dwarf-with-dsym";
				ENABLE_NS_ASSERTIONS = NO;
				ENABLE_STRICT_OBJC_MSGSEND = YES;
				GCC_C_LANGUAGE_STANDARD = gnu99;
				GCC_NO_COMMON_BLOCKS = YES;
				GCC_WARN_64_TO_32_BIT_CONVERSION = YES;
				GCC_WARN_ABOUT_RETURN_TYPE = YES_ERROR;
				GCC_WARN_UNDECLARED_SELECTOR = YES;
				GCC_WARN_UNINITIALIZED_AUTOS = YES_AGGRESSIVE;
				GCC_WARN_UNUSED_FUNCTION = YES;
				GCC_WARN_UNUSED_VARIABLE = YES;
				IPHONEOS_DEPLOYMENT_TARGET = 9.0;
				MTL_ENABLE_DEBUG_INFO = NO;
				SDKROOT = iphoneos;
				VALIDATE_PRODUCT = YES;
			};
			name = Release;
		};
		00490CF01C06335E00960994 /* Debug */ = {
			isa = XCBuildConfiguration;
			buildSettings = {
				ASSETCATALOG_COMPILER_APPICON_NAME = AppIcon;
				INFOPLIST_FILE = StoreSearch/Info.plist;
				IPHONEOS_DEPLOYMENT_TARGET = 8.0;
				LD_RUNPATH_SEARCH_PATHS = "$(inherited) @executable_path/Frameworks";
				PRODUCT_BUNDLE_IDENTIFIER = com.billyu.StoreSearch;
				PRODUCT_NAME = "$(TARGET_NAME)";
			};
			name = Debug;
		};
		00490CF11C06335E00960994 /* Release */ = {
			isa = XCBuildConfiguration;
			buildSettings = {
				ASSETCATALOG_COMPILER_APPICON_NAME = AppIcon;
				INFOPLIST_FILE = StoreSearch/Info.plist;
				IPHONEOS_DEPLOYMENT_TARGET = 8.0;
				LD_RUNPATH_SEARCH_PATHS = "$(inherited) @executable_path/Frameworks";
				PRODUCT_BUNDLE_IDENTIFIER = com.billyu.StoreSearch;
				PRODUCT_NAME = "$(TARGET_NAME)";
			};
			name = Release;
		};
/* End XCBuildConfiguration section */

/* Begin XCConfigurationList section */
		00490CD51C06335E00960994 /* Build configuration list for PBXProject "StoreSearch" */ = {
			isa = XCConfigurationList;
			buildConfigurations = (
				00490CED1C06335E00960994 /* Debug */,
				00490CEE1C06335E00960994 /* Release */,
			);
			defaultConfigurationIsVisible = 0;
			defaultConfigurationName = Release;
		};
		00490CEF1C06335E00960994 /* Build configuration list for PBXNativeTarget "StoreSearch" */ = {
			isa = XCConfigurationList;
			buildConfigurations = (
				00490CF01C06335E00960994 /* Debug */,
				00490CF11C06335E00960994 /* Release */,
			);
			defaultConfigurationIsVisible = 0;
			defaultConfigurationName = Release;
		};
/* End XCConfigurationList section */

/* Begin XCVersionGroup section */
		00490CE41C06335E00960994 /* StoreSearch.xcdatamodeld */ = {
			isa = XCVersionGroup;
			children = (
				00490CE51C06335E00960994 /* StoreSearch.xcdatamodel */,
			);
			currentVersion = 00490CE51C06335E00960994 /* StoreSearch.xcdatamodel */;
			path = StoreSearch.xcdatamodeld;
			sourceTree = "<group>";
			versionGroupType = wrapper.xcdatamodel;
		};
/* End XCVersionGroup section */
	};
	rootObject = 00490CD21C06335E00960994 /* Project object */;
}
